// !$*UTF8*$!
{
	archiveVersion = 1;
	classes = {
	};
	objectVersion = 56;
	objects = {

/* Begin PBXBuildFile section */
		7425F0812C7D5CD1002B0BD2 /* AriApp.swift in Sources */ = {isa = PBXBuildFile; fileRef = 7425F0802C7D5CD1002B0BD2 /* AriApp.swift */; };
		7425F0832C7D5CD1002B0BD2 /* ContentView.swift in Sources */ = {isa = PBXBuildFile; fileRef = 7425F0822C7D5CD1002B0BD2 /* ContentView.swift */; };
		7425F0852C7D5CDA002B0BD2 /* Assets.xcassets in Resources */ = {isa = PBXBuildFile; fileRef = 7425F0842C7D5CDA002B0BD2 /* Assets.xcassets */; };
		7425F0882C7D5CDA002B0BD2 /* Preview Assets.xcassets in Resources */ = {isa = PBXBuildFile; fileRef = 7425F0872C7D5CDA002B0BD2 /* Preview Assets.xcassets */; };
		7425F0922C7D5CDB002B0BD2 /* AriTests.swift in Sources */ = {isa = PBXBuildFile; fileRef = 7425F0912C7D5CDB002B0BD2 /* AriTests.swift */; };
		7425F09C2C7D5CDB002B0BD2 /* AriUITests.swift in Sources */ = {isa = PBXBuildFile; fileRef = 7425F09B2C7D5CDB002B0BD2 /* AriUITests.swift */; };
		7425F09E2C7D5CDB002B0BD2 /* AriUITestsLaunchTests.swift in Sources */ = {isa = PBXBuildFile; fileRef = 7425F09D2C7D5CDB002B0BD2 /* AriUITestsLaunchTests.swift */; };
/* End PBXBuildFile section */

/* Begin PBXContainerItemProxy section */
		7425F08E2C7D5CDB002B0BD2 /* PBXContainerItemProxy */ = {
			isa = PBXContainerItemProxy;
			containerPortal = 7425F0752C7D5CCF002B0BD2 /* Project object */;
			proxyType = 1;
			remoteGlobalIDString = 7425F07C2C7D5CD0002B0BD2;
			remoteInfo = Ari;
		};
		7425F0982C7D5CDB002B0BD2 /* PBXContainerItemProxy */ = {
			isa = PBXContainerItemProxy;
			containerPortal = 7425F0752C7D5CCF002B0BD2 /* Project object */;
			proxyType = 1;
			remoteGlobalIDString = 7425F07C2C7D5CD0002B0BD2;
			remoteInfo = Ari;
		};
/* End PBXContainerItemProxy section */

/* Begin PBXFileReference section */
		7425F07D2C7D5CD0002B0BD2 /* Ari.app */ = {isa = PBXFileReference; explicitFileType = wrapper.application; includeInIndex = 0; path = Ari.app; sourceTree = BUILT_PRODUCTS_DIR; };
		7425F0802C7D5CD1002B0BD2 /* AriApp.swift */ = {isa = PBXFileReference; lastKnownFileType = sourcecode.swift; path = AriApp.swift; sourceTree = "<group>"; };
		7425F0822C7D5CD1002B0BD2 /* ContentView.swift */ = {isa = PBXFileReference; lastKnownFileType = sourcecode.swift; path = ContentView.swift; sourceTree = "<group>"; };
		7425F0842C7D5CDA002B0BD2 /* Assets.xcassets */ = {isa = PBXFileReference; lastKnownFileType = folder.assetcatalog; path = Assets.xcassets; sourceTree = "<group>"; };
		7425F0872C7D5CDA002B0BD2 /* Preview Assets.xcassets */ = {isa = PBXFileReference; lastKnownFileType = folder.assetcatalog; path = "Preview Assets.xcassets"; sourceTree = "<group>"; };
		7425F08D2C7D5CDB002B0BD2 /* AriTests.xctest */ = {isa = PBXFileReference; explicitFileType = wrapper.cfbundle; includeInIndex = 0; path = AriTests.xctest; sourceTree = BUILT_PRODUCTS_DIR; };
		7425F0912C7D5CDB002B0BD2 /* AriTests.swift */ = {isa = PBXFileReference; lastKnownFileType = sourcecode.swift; path = AriTests.swift; sourceTree = "<group>"; };
		7425F0972C7D5CDB002B0BD2 /* AriUITests.xctest */ = {isa = PBXFileReference; explicitFileType = wrapper.cfbundle; includeInIndex = 0; path = AriUITests.xctest; sourceTree = BUILT_PRODUCTS_DIR; };
		7425F09B2C7D5CDB002B0BD2 /* AriUITests.swift */ = {isa = PBXFileReference; lastKnownFileType = sourcecode.swift; path = AriUITests.swift; sourceTree = "<group>"; };
		7425F09D2C7D5CDB002B0BD2 /* AriUITestsLaunchTests.swift */ = {isa = PBXFileReference; lastKnownFileType = sourcecode.swift; path = AriUITestsLaunchTests.swift; sourceTree = "<group>"; };
/* End PBXFileReference section */

/* Begin PBXFrameworksBuildPhase section */
		7425F07A2C7D5CD0002B0BD2 /* Frameworks */ = {
			isa = PBXFrameworksBuildPhase;
			buildActionMask = 2147483647;
			files = (
			);
			runOnlyForDeploymentPostprocessing = 0;
		};
		7425F08A2C7D5CDB002B0BD2 /* Frameworks */ = {
			isa = PBXFrameworksBuildPhase;
			buildActionMask = 2147483647;
			files = (
			);
			runOnlyForDeploymentPostprocessing = 0;
		};
		7425F0942C7D5CDB002B0BD2 /* Frameworks */ = {
			isa = PBXFrameworksBuildPhase;
			buildActionMask = 2147483647;
			files = (
			);
			runOnlyForDeploymentPostprocessing = 0;
		};
/* End PBXFrameworksBuildPhase section */

/* Begin PBXGroup section */
		7425F0742C7D5CCF002B0BD2 = {
			isa = PBXGroup;
			children = (
				7425F07F2C7D5CD0002B0BD2 /* Ari */,
				7425F0902C7D5CDB002B0BD2 /* AriTests */,
				7425F09A2C7D5CDB002B0BD2 /* AriUITests */,
				7425F07E2C7D5CD0002B0BD2 /* Products */,
			);
			sourceTree = "<group>";
		};
		7425F07E2C7D5CD0002B0BD2 /* Products */ = {
			isa = PBXGroup;
			children = (
				7425F07D2C7D5CD0002B0BD2 /* Ari.app */,
				7425F08D2C7D5CDB002B0BD2 /* AriTests.xctest */,
				7425F0972C7D5CDB002B0BD2 /* AriUITests.xctest */,
			);
			name = Products;
			sourceTree = "<group>";
		};
		7425F07F2C7D5CD0002B0BD2 /* Ari */ = {
			isa = PBXGroup;
			children = (
				7425F0802C7D5CD1002B0BD2 /* AriApp.swift */,
				7425F0822C7D5CD1002B0BD2 /* ContentView.swift */,
				7425F0842C7D5CDA002B0BD2 /* Assets.xcassets */,
				7425F0862C7D5CDA002B0BD2 /* Preview Content */,
			);
			path = Ari;
			sourceTree = "<group>";
		};
		7425F0862C7D5CDA002B0BD2 /* Preview Content */ = {
			isa = PBXGroup;
			children = (
				7425F0872C7D5CDA002B0BD2 /* Preview Assets.xcassets */,
			);
			path = "Preview Content";
			sourceTree = "<group>";
		};
		7425F0902C7D5CDB002B0BD2 /* AriTests */ = {
			isa = PBXGroup;
			children = (
				7425F0912C7D5CDB002B0BD2 /* AriTests.swift */,
			);
			path = AriTests;
			sourceTree = "<group>";
		};
		7425F09A2C7D5CDB002B0BD2 /* AriUITests */ = {
			isa = PBXGroup;
			children = (
				7425F09B2C7D5CDB002B0BD2 /* AriUITests.swift */,
				7425F09D2C7D5CDB002B0BD2 /* AriUITestsLaunchTests.swift */,
			);
			path = AriUITests;
			sourceTree = "<group>";
		};
/* End PBXGroup section */

/* Begin PBXNativeTarget section */
		7425F07C2C7D5CD0002B0BD2 /* Ari */ = {
			isa = PBXNativeTarget;
			buildConfigurationList = 7425F0A12C7D5CDB002B0BD2 /* Build configuration list for PBXNativeTarget "Ari" */;
			buildPhases = (
				7425F0792C7D5CD0002B0BD2 /* Sources */,
				7425F07A2C7D5CD0002B0BD2 /* Frameworks */,
				7425F07B2C7D5CD0002B0BD2 /* Resources */,
			);
			buildRules = (
			);
			dependencies = (
			);
			name = Ari;
			productName = Ari;
			productReference = 7425F07D2C7D5CD0002B0BD2 /* Ari.app */;
			productType = "com.apple.product-type.application";
		};
		7425F08C2C7D5CDB002B0BD2 /* AriTests */ = {
			isa = PBXNativeTarget;
			buildConfigurationList = 7425F0A42C7D5CDB002B0BD2 /* Build configuration list for PBXNativeTarget "AriTests" */;
			buildPhases = (
				7425F0892C7D5CDB002B0BD2 /* Sources */,
				7425F08A2C7D5CDB002B0BD2 /* Frameworks */,
				7425F08B2C7D5CDB002B0BD2 /* Resources */,
			);
			buildRules = (
			);
			dependencies = (
				7425F08F2C7D5CDB002B0BD2 /* PBXTargetDependency */,
			);
			name = AriTests;
			productName = AriTests;
			productReference = 7425F08D2C7D5CDB002B0BD2 /* AriTests.xctest */;
			productType = "com.apple.product-type.bundle.unit-test";
		};
		7425F0962C7D5CDB002B0BD2 /* AriUITests */ = {
			isa = PBXNativeTarget;
			buildConfigurationList = 7425F0A72C7D5CDB002B0BD2 /* Build configuration list for PBXNativeTarget "AriUITests" */;
			buildPhases = (
				7425F0932C7D5CDB002B0BD2 /* Sources */,
				7425F0942C7D5CDB002B0BD2 /* Frameworks */,
				7425F0952C7D5CDB002B0BD2 /* Resources */,
			);
			buildRules = (
			);
			dependencies = (
				7425F0992C7D5CDB002B0BD2 /* PBXTargetDependency */,
			);
			name = AriUITests;
			productName = AriUITests;
			productReference = 7425F0972C7D5CDB002B0BD2 /* AriUITests.xctest */;
			productType = "com.apple.product-type.bundle.ui-testing";
		};
/* End PBXNativeTarget section */

/* Begin PBXProject section */
		7425F0752C7D5CCF002B0BD2 /* Project object */ = {
			isa = PBXProject;
			attributes = {
				BuildIndependentTargetsInParallel = 1;
				LastSwiftUpdateCheck = 1540;
				LastUpgradeCheck = 1540;
				TargetAttributes = {
					7425F07C2C7D5CD0002B0BD2 = {
						CreatedOnToolsVersion = 15.4;
					};
					7425F08C2C7D5CDB002B0BD2 = {
						CreatedOnToolsVersion = 15.4;
						TestTargetID = 7425F07C2C7D5CD0002B0BD2;
					};
					7425F0962C7D5CDB002B0BD2 = {
						CreatedOnToolsVersion = 15.4;
						TestTargetID = 7425F07C2C7D5CD0002B0BD2;
					};
				};
			};
			buildConfigurationList = 7425F0782C7D5CCF002B0BD2 /* Build configuration list for PBXProject "Ari" */;
			compatibilityVersion = "Xcode 14.0";
			developmentRegion = en;
			hasScannedForEncodings = 0;
			knownRegions = (
				en,
				Base,
			);
			mainGroup = 7425F0742C7D5CCF002B0BD2;
			productRefGroup = 7425F07E2C7D5CD0002B0BD2 /* Products */;
			projectDirPath = "";
			projectRoot = "";
			targets = (
				7425F07C2C7D5CD0002B0BD2 /* Ari */,
				7425F08C2C7D5CDB002B0BD2 /* AriTests */,
				7425F0962C7D5CDB002B0BD2 /* AriUITests */,
			);
		};
/* End PBXProject section */

/* Begin PBXResourcesBuildPhase section */
		7425F07B2C7D5CD0002B0BD2 /* Resources */ = {
			isa = PBXResourcesBuildPhase;
			buildActionMask = 2147483647;
			files = (
				7425F0882C7D5CDA002B0BD2 /* Preview Assets.xcassets in Resources */,
				7425F0852C7D5CDA002B0BD2 /* Assets.xcassets in Resources */,
			);
			runOnlyForDeploymentPostprocessing = 0;
		};
		7425F08B2C7D5CDB002B0BD2 /* Resources */ = {
			isa = PBXResourcesBuildPhase;
			buildActionMask = 2147483647;
			files = (
			);
			runOnlyForDeploymentPostprocessing = 0;
		};
		7425F0952C7D5CDB002B0BD2 /* Resources */ = {
			isa = PBXResourcesBuildPhase;
			buildActionMask = 2147483647;
			files = (
			);
			runOnlyForDeploymentPostprocessing = 0;
		};
/* End PBXResourcesBuildPhase section */

/* Begin PBXSourcesBuildPhase section */
		7425F0792C7D5CD0002B0BD2 /* Sources */ = {
			isa = PBXSourcesBuildPhase;
			buildActionMask = 2147483647;
			files = (
				7425F0832C7D5CD1002B0BD2 /* ContentView.swift in Sources */,
				7425F0812C7D5CD1002B0BD2 /* AriApp.swift in Sources */,
			);
			runOnlyForDeploymentPostprocessing = 0;
		};
		7425F0892C7D5CDB002B0BD2 /* Sources */ = {
			isa = PBXSourcesBuildPhase;
			buildActionMask = 2147483647;
			files = (
				7425F0922C7D5CDB002B0BD2 /* AriTests.swift in Sources */,
			);
			runOnlyForDeploymentPostprocessing = 0;
		};
		7425F0932C7D5CDB002B0BD2 /* Sources */ = {
			isa = PBXSourcesBuildPhase;
			buildActionMask = 2147483647;
			files = (
				7425F09C2C7D5CDB002B0BD2 /* AriUITests.swift in Sources */,
				7425F09E2C7D5CDB002B0BD2 /* AriUITestsLaunchTests.swift in Sources */,
			);
			runOnlyForDeploymentPostprocessing = 0;
		};
/* End PBXSourcesBuildPhase section */

/* Begin PBXTargetDependency section */
		7425F08F2C7D5CDB002B0BD2 /* PBXTargetDependency */ = {
			isa = PBXTargetDependency;
			target = 7425F07C2C7D5CD0002B0BD2 /* Ari */;
			targetProxy = 7425F08E2C7D5CDB002B0BD2 /* PBXContainerItemProxy */;
		};
		7425F0992C7D5CDB002B0BD2 /* PBXTargetDependency */ = {
			isa = PBXTargetDependency;
			target = 7425F07C2C7D5CD0002B0BD2 /* Ari */;
			targetProxy = 7425F0982C7D5CDB002B0BD2 /* PBXContainerItemProxy */;
		};
/* End PBXTargetDependency section */

/* Begin XCBuildConfiguration section */
		7425F09F2C7D5CDB002B0BD2 /* Debug */ = {
			isa = XCBuildConfiguration;
			buildSettings = {
				ALWAYS_SEARCH_USER_PATHS = NO;
				ASSETCATALOG_COMPILER_GENERATE_SWIFT_ASSET_SYMBOL_EXTENSIONS = YES;
				CLANG_ANALYZER_NONNULL = YES;
				CLANG_ANALYZER_NUMBER_OBJECT_CONVERSION = YES_AGGRESSIVE;
				CLANG_CXX_LANGUAGE_STANDARD = "gnu++20";
				CLANG_ENABLE_MODULES = YES;
				CLANG_ENABLE_OBJC_ARC = YES;
				CLANG_ENABLE_OBJC_WEAK = YES;
				CLANG_WARN_BLOCK_CAPTURE_AUTORELEASING = YES;
				CLANG_WARN_BOOL_CONVERSION = YES;
				CLANG_WARN_COMMA = YES;
				CLANG_WARN_CONSTANT_CONVERSION = YES;
				CLANG_WARN_DEPRECATED_OBJC_IMPLEMENTATIONS = YES;
				CLANG_WARN_DIRECT_OBJC_ISA_USAGE = YES_ERROR;
				CLANG_WARN_DOCUMENTATION_COMMENTS = YES;
				CLANG_WARN_EMPTY_BODY = YES;
				CLANG_WARN_ENUM_CONVERSION = YES;
				CLANG_WARN_INFINITE_RECURSION = YES;
				CLANG_WARN_INT_CONVERSION = YES;
				CLANG_WARN_NON_LITERAL_NULL_CONVERSION = YES;
				CLANG_WARN_OBJC_IMPLICIT_RETAIN_SELF = YES;
				CLANG_WARN_OBJC_LITERAL_CONVERSION = YES;
				CLANG_WARN_OBJC_ROOT_CLASS = YES_ERROR;
				CLANG_WARN_QUOTED_INCLUDE_IN_FRAMEWORK_HEADER = YES;
				CLANG_WARN_RANGE_LOOP_ANALYSIS = YES;
				CLANG_WARN_STRICT_PROTOTYPES = YES;
				CLANG_WARN_SUSPICIOUS_MOVE = YES;
				CLANG_WARN_UNGUARDED_AVAILABILITY = YES_AGGRESSIVE;
				CLANG_WARN_UNREACHABLE_CODE = YES;
				CLANG_WARN__DUPLICATE_METHOD_MATCH = YES;
				COPY_PHASE_STRIP = NO;
				DEBUG_INFORMATION_FORMAT = dwarf;
				ENABLE_STRICT_OBJC_MSGSEND = YES;
				ENABLE_TESTABILITY = YES;
				ENABLE_USER_SCRIPT_SANDBOXING = YES;
				GCC_C_LANGUAGE_STANDARD = gnu17;
				GCC_DYNAMIC_NO_PIC = NO;
				GCC_NO_COMMON_BLOCKS = YES;
				GCC_OPTIMIZATION_LEVEL = 0;
				GCC_PREPROCESSOR_DEFINITIONS = (
					"DEBUG=1",
					"$(inherited)",
				);
				GCC_WARN_64_TO_32_BIT_CONVERSION = YES;
				GCC_WARN_ABOUT_RETURN_TYPE = YES_ERROR;
				GCC_WARN_UNDECLARED_SELECTOR = YES;
				GCC_WARN_UNINITIALIZED_AUTOS = YES_AGGRESSIVE;
				GCC_WARN_UNUSED_FUNCTION = YES;
				GCC_WARN_UNUSED_VARIABLE = YES;
				IPHONEOS_DEPLOYMENT_TARGET = 17.5;
				LOCALIZATION_PREFERS_STRING_CATALOGS = YES;
				MTL_ENABLE_DEBUG_INFO = INCLUDE_SOURCE;
				MTL_FAST_MATH = YES;
				ONLY_ACTIVE_ARCH = YES;
				SDKROOT = iphoneos;
				SWIFT_ACTIVE_COMPILATION_CONDITIONS = "DEBUG $(inherited)";
				SWIFT_OPTIMIZATION_LEVEL = "-Onone";
			};
			name = Debug;
		};
		7425F0A02C7D5CDB002B0BD2 /* Release */ = {
			isa = XCBuildConfiguration;
			buildSettings = {
				ALWAYS_SEARCH_USER_PATHS = NO;
				ASSETCATALOG_COMPILER_GENERATE_SWIFT_ASSET_SYMBOL_EXTENSIONS = YES;
				CLANG_ANALYZER_NONNULL = YES;
				CLANG_ANALYZER_NUMBER_OBJECT_CONVERSION = YES_AGGRESSIVE;
				CLANG_CXX_LANGUAGE_STANDARD = "gnu++20";
				CLANG_ENABLE_MODULES = YES;
				CLANG_ENABLE_OBJC_ARC = YES;
				CLANG_ENABLE_OBJC_WEAK = YES;
				CLANG_WARN_BLOCK_CAPTURE_AUTORELEASING = YES;
				CLANG_WARN_BOOL_CONVERSION = YES;
				CLANG_WARN_COMMA = YES;
				CLANG_WARN_CONSTANT_CONVERSION = YES;
				CLANG_WARN_DEPRECATED_OBJC_IMPLEMENTATIONS = YES;
				CLANG_WARN_DIRECT_OBJC_ISA_USAGE = YES_ERROR;
				CLANG_WARN_DOCUMENTATION_COMMENTS = YES;
				CLANG_WARN_EMPTY_BODY = YES;
				CLANG_WARN_ENUM_CONVERSION = YES;
				CLANG_WARN_INFINITE_RECURSION = YES;
				CLANG_WARN_INT_CONVERSION = YES;
				CLANG_WARN_NON_LITERAL_NULL_CONVERSION = YES;
				CLANG_WARN_OBJC_IMPLICIT_RETAIN_SELF = YES;
				CLANG_WARN_OBJC_LITERAL_CONVERSION = YES;
				CLANG_WARN_OBJC_ROOT_CLASS = YES_ERROR;
				CLANG_WARN_QUOTED_INCLUDE_IN_FRAMEWORK_HEADER = YES;
				CLANG_WARN_RANGE_LOOP_ANALYSIS = YES;
				CLANG_WARN_STRICT_PROTOTYPES = YES;
				CLANG_WARN_SUSPICIOUS_MOVE = YES;
				CLANG_WARN_UNGUARDED_AVAILABILITY = YES_AGGRESSIVE;
				CLANG_WARN_UNREACHABLE_CODE = YES;
				CLANG_WARN__DUPLICATE_METHOD_MATCH = YES;
				COPY_PHASE_STRIP = NO;
				DEBUG_INFORMATION_FORMAT = "dwarf-with-dsym";
				ENABLE_NS_ASSERTIONS = NO;
				ENABLE_STRICT_OBJC_MSGSEND = YES;
				ENABLE_USER_SCRIPT_SANDBOXING = YES;
				GCC_C_LANGUAGE_STANDARD = gnu17;
				GCC_NO_COMMON_BLOCKS = YES;
				GCC_WARN_64_TO_32_BIT_CONVERSION = YES;
				GCC_WARN_ABOUT_RETURN_TYPE = YES_ERROR;
				GCC_WARN_UNDECLARED_SELECTOR = YES;
				GCC_WARN_UNINITIALIZED_AUTOS = YES_AGGRESSIVE;
				GCC_WARN_UNUSED_FUNCTION = YES;
				GCC_WARN_UNUSED_VARIABLE = YES;
				IPHONEOS_DEPLOYMENT_TARGET = 17.5;
				LOCALIZATION_PREFERS_STRING_CATALOGS = YES;
				MTL_ENABLE_DEBUG_INFO = NO;
				MTL_FAST_MATH = YES;
				SDKROOT = iphoneos;
				SWIFT_COMPILATION_MODE = wholemodule;
				VALIDATE_PRODUCT = YES;
			};
			name = Release;
		};
		7425F0A22C7D5CDB002B0BD2 /* Debug */ = {
			isa = XCBuildConfiguration;
			buildSettings = {
				ASSETCATALOG_COMPILER_APPICON_NAME = AppIcon;
				ASSETCATALOG_COMPILER_GLOBAL_ACCENT_COLOR_NAME = AccentColor;
				CODE_SIGN_STYLE = Automatic;
				CURRENT_PROJECT_VERSION = 1;
				DEVELOPMENT_ASSET_PATHS = "\"Ari/Preview Content\"";
				ENABLE_PREVIEWS = YES;
				GENERATE_INFOPLIST_FILE = YES;
				INFOPLIST_KEY_UIApplicationSceneManifest_Generation = YES;
				INFOPLIST_KEY_UIApplicationSupportsIndirectInputEvents = YES;
				INFOPLIST_KEY_UILaunchScreen_Generation = YES;
				INFOPLIST_KEY_UISupportedInterfaceOrientations_iPad = "UIInterfaceOrientationPortrait UIInterfaceOrientationPortraitUpsideDown UIInterfaceOrientationLandscapeLeft UIInterfaceOrientationLandscapeRight";
				INFOPLIST_KEY_UISupportedInterfaceOrientations_iPhone = "UIInterfaceOrientationPortrait UIInterfaceOrientationLandscapeLeft UIInterfaceOrientationLandscapeRight";
				LD_RUNPATH_SEARCH_PATHS = (
					"$(inherited)",
					"@executable_path/Frameworks",
				);
				MARKETING_VERSION = 1.0;
				PRODUCT_BUNDLE_IDENTIFIER = com.AG.Ari;
				PRODUCT_NAME = "$(TARGET_NAME)";
				SWIFT_EMIT_LOC_STRINGS = YES;
				SWIFT_VERSION = 5.0;
				TARGETED_DEVICE_FAMILY = "1,2";
			};
			name = Debug;
		};
		7425F0A32C7D5CDB002B0BD2 /* Release */ = {
			isa = XCBuildConfiguration;
			buildSettings = {
				ASSETCATALOG_COMPILER_APPICON_NAME = AppIcon;
				ASSETCATALOG_COMPILER_GLOBAL_ACCENT_COLOR_NAME = AccentColor;
				CODE_SIGN_STYLE = Automatic;
				CURRENT_PROJECT_VERSION = 1;
				DEVELOPMENT_ASSET_PATHS = "\"Ari/Preview Content\"";
				ENABLE_PREVIEWS = YES;
				GENERATE_INFOPLIST_FILE = YES;
				INFOPLIST_KEY_UIApplicationSceneManifest_Generation = YES;
				INFOPLIST_KEY_UIApplicationSupportsIndirectInputEvents = YES;
				INFOPLIST_KEY_UILaunchScreen_Generation = YES;
				INFOPLIST_KEY_UISupportedInterfaceOrientations_iPad = "UIInterfaceOrientationPortrait UIInterfaceOrientationPortraitUpsideDown UIInterfaceOrientationLandscapeLeft UIInterfaceOrientationLandscapeRight";
				INFOPLIST_KEY_UISupportedInterfaceOrientations_iPhone = "UIInterfaceOrientationPortrait UIInterfaceOrientationLandscapeLeft UIInterfaceOrientationLandscapeRight";
				LD_RUNPATH_SEARCH_PATHS = (
					"$(inherited)",
					"@executable_path/Frameworks",
				);
				MARKETING_VERSION = 1.0;
				PRODUCT_BUNDLE_IDENTIFIER = com.AG.Ari;
				PRODUCT_NAME = "$(TARGET_NAME)";
				SWIFT_EMIT_LOC_STRINGS = YES;
				SWIFT_VERSION = 5.0;
				TARGETED_DEVICE_FAMILY = "1,2";
			};
			name = Release;
		};
		7425F0A52C7D5CDB002B0BD2 /* Debug */ = {
			isa = XCBuildConfiguration;
			buildSettings = {
				ALWAYS_EMBED_SWIFT_STANDARD_LIBRARIES = YES;
				BUNDLE_LOADER = "$(TEST_HOST)";
				CODE_SIGN_STYLE = Automatic;
				CURRENT_PROJECT_VERSION = 1;
				GENERATE_INFOPLIST_FILE = YES;
				IPHONEOS_DEPLOYMENT_TARGET = 17.5;
				MARKETING_VERSION = 1.0;
				PRODUCT_BUNDLE_IDENTIFIER = com.AG.AriTests;
				PRODUCT_NAME = "$(TARGET_NAME)";
				SWIFT_EMIT_LOC_STRINGS = NO;
				SWIFT_VERSION = 5.0;
				TARGETED_DEVICE_FAMILY = "1,2";
				TEST_HOST = "$(BUILT_PRODUCTS_DIR)/Ari.app/$(BUNDLE_EXECUTABLE_FOLDER_PATH)/Ari";
			};
			name = Debug;
		};
		7425F0A62C7D5CDB002B0BD2 /* Release */ = {
			isa = XCBuildConfiguration;
			buildSettings = {
				ALWAYS_EMBED_SWIFT_STANDARD_LIBRARIES = YES;
				BUNDLE_LOADER = "$(TEST_HOST)";
				CODE_SIGN_STYLE = Automatic;
				CURRENT_PROJECT_VERSION = 1;
				GENERATE_INFOPLIST_FILE = YES;
				IPHONEOS_DEPLOYMENT_TARGET = 17.5;
				MARKETING_VERSION = 1.0;
				PRODUCT_BUNDLE_IDENTIFIER = com.AG.AriTests;
				PRODUCT_NAME = "$(TARGET_NAME)";
				SWIFT_EMIT_LOC_STRINGS = NO;
				SWIFT_VERSION = 5.0;
				TARGETED_DEVICE_FAMILY = "1,2";
				TEST_HOST = "$(BUILT_PRODUCTS_DIR)/Ari.app/$(BUNDLE_EXECUTABLE_FOLDER_PATH)/Ari";
			};
			name = Release;
		};
		7425F0A82C7D5CDB002B0BD2 /* Debug */ = {
			isa = XCBuildConfiguration;
			buildSettings = {
				ALWAYS_EMBED_SWIFT_STANDARD_LIBRARIES = YES;
				CODE_SIGN_STYLE = Automatic;
				CURRENT_PROJECT_VERSION = 1;
				GENERATE_INFOPLIST_FILE = YES;
				MARKETING_VERSION = 1.0;
				PRODUCT_BUNDLE_IDENTIFIER = com.AG.AriUITests;
				PRODUCT_NAME = "$(TARGET_NAME)";
				SWIFT_EMIT_LOC_STRINGS = NO;
				SWIFT_VERSION = 5.0;
				TARGETED_DEVICE_FAMILY = "1,2";
				TEST_TARGET_NAME = Ari;
			};
			name = Debug;
		};
		7425F0A92C7D5CDB002B0BD2 /* Release */ = {
			isa = XCBuildConfiguration;
			buildSettings = {
				ALWAYS_EMBED_SWIFT_STANDARD_LIBRARIES = YES;
				CODE_SIGN_STYLE = Automatic;
				CURRENT_PROJECT_VERSION = 1;
				GENERATE_INFOPLIST_FILE = YES;
				MARKETING_VERSION = 1.0;
				PRODUCT_BUNDLE_IDENTIFIER = com.AG.AriUITests;
				PRODUCT_NAME = "$(TARGET_NAME)";
				SWIFT_EMIT_LOC_STRINGS = NO;
				SWIFT_VERSION = 5.0;
				TARGETED_DEVICE_FAMILY = "1,2";
				TEST_TARGET_NAME = Ari;
			};
			name = Release;
		};
/* End XCBuildConfiguration section */

/* Begin XCConfigurationList section */
		7425F0782C7D5CCF002B0BD2 /* Build configuration list for PBXProject "Ari" */ = {
			isa = XCConfigurationList;
			buildConfigurations = (
				7425F09F2C7D5CDB002B0BD2 /* Debug */,
				7425F0A02C7D5CDB002B0BD2 /* Release */,
			);
			defaultConfigurationIsVisible = 0;
			defaultConfigurationName = Release;
		};
		7425F0A12C7D5CDB002B0BD2 /* Build configuration list for PBXNativeTarget "Ari" */ = {
			isa = XCConfigurationList;
			buildConfigurations = (
				7425F0A22C7D5CDB002B0BD2 /* Debug */,
				7425F0A32C7D5CDB002B0BD2 /* Release */,
			);
			defaultConfigurationIsVisible = 0;
			defaultConfigurationName = Release;
		};
		7425F0A42C7D5CDB002B0BD2 /* Build configuration list for PBXNativeTarget "AriTests" */ = {
			isa = XCConfigurationList;
			buildConfigurations = (
				7425F0A52C7D5CDB002B0BD2 /* Debug */,
				7425F0A62C7D5CDB002B0BD2 /* Release */,
			);
			defaultConfigurationIsVisible = 0;
			defaultConfigurationName = Release;
		};
		7425F0A72C7D5CDB002B0BD2 /* Build configuration list for PBXNativeTarget "AriUITests" */ = {
			isa = XCConfigurationList;
			buildConfigurations = (
				7425F0A82C7D5CDB002B0BD2 /* Debug */,
				7425F0A92C7D5CDB002B0BD2 /* Release */,
			);
			defaultConfigurationIsVisible = 0;
			defaultConfigurationName = Release;
		};
/* End XCConfigurationList section */
	};
	rootObject = 7425F0752C7D5CCF002B0BD2 /* Project object */;
}
